
Microsoft Visual Studio Solution File, Format Version 12.00
# Visual Studio Version 16
VisualStudioVersion = 16.0.29613.14
MinimumVisualStudioVersion = 10.0.40219.1
Project("{FAE04EC0-301F-11D3-BF4B-00C04F79EFBC}") = "PoS", "PoS\PoS.csproj", "{62AD50BA-6FA5-49C2-AE12-A1C29C47D0A7}"
EndProject
Project("{FAE04EC0-301F-11D3-BF4B-00C04F79EFBC}") = "PoS.DataAccess", "PoS.DataAccess\PoS.DataAccess.csproj", "{AAB11234-D7FE-41CB-9136-D386720866E2}"
EndProject
Project("{FAE04EC0-301F-11D3-BF4B-00C04F79EFBC}") = "PoS.Models", "PoS.Models\PoS.Models.csproj", "{9C011918-1F67-4782-9648-DBC20D4E19DD}"
EndProject
Project("{FAE04EC0-301F-11D3-BF4B-00C04F79EFBC}") = "PoS.Utility", "PoS.Utility\PoS.Utility.csproj", "{D40672CB-931C-467C-B142-81665D880B78}"
EndProject
Global
	GlobalSection(SolutionConfigurationPlatforms) = preSolution
		Debug|Any CPU = Debug|Any CPU
		Release|Any CPU = Release|Any CPU
	EndGlobalSection
	GlobalSection(ProjectConfigurationPlatforms) = postSolution
		{62AD50BA-6FA5-49C2-AE12-A1C29C47D0A7}.Debug|Any CPU.ActiveCfg = Debug|Any CPU
		{62AD50BA-6FA5-49C2-AE12-A1C29C47D0A7}.Debug|Any CPU.Build.0 = Debug|Any CPU
		{62AD50BA-6FA5-49C2-AE12-A1C29C47D0A7}.Release|Any CPU.ActiveCfg = Release|Any CPU
		{62AD50BA-6FA5-49C2-AE12-A1C29C47D0A7}.Release|Any CPU.Build.0 = Release|Any CPU
		{AAB11234-D7FE-41CB-9136-D386720866E2}.Debug|Any CPU.ActiveCfg = Debug|Any CPU
		{AAB11234-D7FE-41CB-9136-D386720866E2}.Debug|Any CPU.Build.0 = Debug|Any CPU
		{AAB11234-D7FE-41CB-9136-D386720866E2}.Release|Any CPU.ActiveCfg = Release|Any CPU
		{AAB11234-D7FE-41CB-9136-D386720866E2}.Release|Any CPU.Build.0 = Release|Any CPU
		{9C011918-1F67-4782-9648-DBC20D4E19DD}.Debug|Any CPU.ActiveCfg = Debug|Any CPU
		{9C011918-1F67-4782-9648-DBC20D4E19DD}.Debug|Any CPU.Build.0 = Debug|Any CPU
		{9C011918-1F67-4782-9648-DBC20D4E19DD}.Release|Any CPU.ActiveCfg = Release|Any CPU
		{9C011918-1F67-4782-9648-DBC20D4E19DD}.Release|Any CPU.Build.0 = Release|Any CPU
		{D40672CB-931C-467C-B142-81665D880B78}.Debug|Any CPU.ActiveCfg = Debug|Any CPU
		{D40672CB-931C-467C-B142-81665D880B78}.Debug|Any CPU.Build.0 = Debug|Any CPU
		{D40672CB-931C-467C-B142-81665D880B78}.Release|Any CPU.ActiveCfg = Release|Any CPU
		{D40672CB-931C-467C-B142-81665D880B78}.Release|Any CPU.Build.0 = Release|Any CPU
	EndGlobalSection
	GlobalSection(SolutionProperties) = preSolution
		HideSolutionNode = FALSE
	EndGlobalSection
	GlobalSection(ExtensibilityGlobals) = postSolution
		SolutionGuid = {DD55D577-8F8A-4816-B5B5-F9209307E436}
	EndGlobalSection
EndGlobal
